// !$*UTF8*$!
{
	archiveVersion = 1;
	classes = {
	};
	objectVersion = 55;
	objects = {

/* Begin PBXBuildFile section */
		E914CA2F2ADA74F7000478DA /* Manager.swift in Sources */ = {isa = PBXBuildFile; fileRef = E914CA2E2ADA74F7000478DA /* Manager.swift */; };
		E92073972AE8200800AE151C /* BestGuideCollectionViewCell.swift in Sources */ = {isa = PBXBuildFile; fileRef = E92073962AE8200800AE151C /* BestGuideCollectionViewCell.swift */; };
		E92073992AE8246E00AE151C /* BestGuideTableViewCell.swift in Sources */ = {isa = PBXBuildFile; fileRef = E92073982AE8246E00AE151C /* BestGuideTableViewCell.swift */; };
		E9247F1828108F17007212A9 /* ExampleDDSViewController.swift in Sources */ = {isa = PBXBuildFile; fileRef = E9247F1728108F17007212A9 /* ExampleDDSViewController.swift */; };
		E9247F1D28109DAA007212A9 /* CellBuilder.swift in Sources */ = {isa = PBXBuildFile; fileRef = E9247F1C28109DAA007212A9 /* CellBuilder.swift */; };
		E928F84C2AE9873D00E44EE1 /* TitleButtonTableViewCell.swift in Sources */ = {isa = PBXBuildFile; fileRef = E928F84B2AE9873D00E44EE1 /* TitleButtonTableViewCell.swift */; };
		E9295DBD28204A4E007A83F0 /* Developer.swift in Sources */ = {isa = PBXBuildFile; fileRef = E9295DBC28204A4E007A83F0 /* Developer.swift */; };
		E9295DBF28204A74007A83F0 /* CaliforniaImage.swift in Sources */ = {isa = PBXBuildFile; fileRef = E9295DBE28204A74007A83F0 /* CaliforniaImage.swift */; };
		E932594E280C058A00199960 /* AppDelegate.swift in Sources */ = {isa = PBXBuildFile; fileRef = E932594D280C058A00199960 /* AppDelegate.swift */; };
		E9325950280C058A00199960 /* SceneDelegate.swift in Sources */ = {isa = PBXBuildFile; fileRef = E932594F280C058A00199960 /* SceneDelegate.swift */; };
		E9325957280C058B00199960 /* Assets.xcassets in Resources */ = {isa = PBXBuildFile; fileRef = E9325956280C058B00199960 /* Assets.xcassets */; };
		E932595A280C058B00199960 /* LaunchScreen.storyboard in Resources */ = {isa = PBXBuildFile; fileRef = E9325958280C058B00199960 /* LaunchScreen.storyboard */; };
		E9325964280C0A9100199960 /* MainViewController.swift in Sources */ = {isa = PBXBuildFile; fileRef = E9325963280C0A9100199960 /* MainViewController.swift */; };
		E932596D280C0DF300199960 /* Reusable in Frameworks */ = {isa = PBXBuildFile; productRef = E932596C280C0DF300199960 /* Reusable */; };
		E9325970280C0E5400199960 /* SnapKit in Frameworks */ = {isa = PBXBuildFile; productRef = E932596F280C0E5400199960 /* SnapKit */; };
		E9325973280C1B3800199960 /* BlueButton.swift in Sources */ = {isa = PBXBuildFile; fileRef = E9325972280C1B3800199960 /* BlueButton.swift */; };
		E94497132AF3C61D00D1D960 /* DinerViewModel.swift in Sources */ = {isa = PBXBuildFile; fileRef = E94497122AF3C61D00D1D960 /* DinerViewModel.swift */; };
		E94B25CD28BDF08A00BA530A /* CVFLViewController.swift in Sources */ = {isa = PBXBuildFile; fileRef = E94B25CC28BDF08A00BA530A /* CVFLViewController.swift */; };
		E94B25CF28BDF43000BA530A /* ProductCollectionViewCell.swift in Sources */ = {isa = PBXBuildFile; fileRef = E94B25CE28BDF43000BA530A /* ProductCollectionViewCell.swift */; };
		E94B25D128BE06A100BA530A /* Product.swift in Sources */ = {isa = PBXBuildFile; fileRef = E94B25D028BE06A100BA530A /* Product.swift */; };
		E94B25D328BE3CA100BA530A /* Consts.swift in Sources */ = {isa = PBXBuildFile; fileRef = E94B25D228BE3CA100BA530A /* Consts.swift */; };
		E9582A9D2AF01EA00050E88F /* DinerViewController.swift in Sources */ = {isa = PBXBuildFile; fileRef = E9582A9C2AF01EA00050E88F /* DinerViewController.swift */; };
		E9608BA22AEFE1DF00B28A43 /* OtherFlow.swift in Sources */ = {isa = PBXBuildFile; fileRef = E9608BA12AEFE1DF00B28A43 /* OtherFlow.swift */; };
		E9608BA52AEFF49800B28A43 /* DinersListViewController.swift in Sources */ = {isa = PBXBuildFile; fileRef = E9608BA42AEFF49800B28A43 /* DinersListViewController.swift */; };
		E962F57C2AFD440300B72A60 /* DinerDataSource.swift in Sources */ = {isa = PBXBuildFile; fileRef = E962F57B2AFD440300B72A60 /* DinerDataSource.swift */; };
		E9653F5028BCDD130027497B /* MainTextView.swift in Sources */ = {isa = PBXBuildFile; fileRef = E9653F4F28BCDD130027497B /* MainTextView.swift */; };
		E9653F5228BCDE2A0027497B /* UIKitViewController.swift in Sources */ = {isa = PBXBuildFile; fileRef = E9653F5128BCDE2A0027497B /* UIKitViewController.swift */; };
		E9653F5528BCE7A90027497B /* AppSlider.swift in Sources */ = {isa = PBXBuildFile; fileRef = E9653F5428BCE7A90027497B /* AppSlider.swift */; };
		E96735352B87CFAE004409C5 /* MembershipStatusTableViewCell.swift in Sources */ = {isa = PBXBuildFile; fileRef = E96735342B87CFAE004409C5 /* MembershipStatusTableViewCell.swift */; };
		E96735392B87D863004409C5 /* TitleButtonCellModel.swift in Sources */ = {isa = PBXBuildFile; fileRef = E96735382B87D863004409C5 /* TitleButtonCellModel.swift */; };
		E967353B2B87D898004409C5 /* BestGuide.swift in Sources */ = {isa = PBXBuildFile; fileRef = E967353A2B87D898004409C5 /* BestGuide.swift */; };
		E967353E2B87D8F0004409C5 /* Diner.swift in Sources */ = {isa = PBXBuildFile; fileRef = E967353D2B87D8F0004409C5 /* Diner.swift */; };
		E96735402B87D910004409C5 /* PromoTourModel.swift in Sources */ = {isa = PBXBuildFile; fileRef = E967353F2B87D910004409C5 /* PromoTourModel.swift */; };
		E96735422B87DC4C004409C5 /* ProductCellModel.swift in Sources */ = {isa = PBXBuildFile; fileRef = E96735412B87DC4C004409C5 /* ProductCellModel.swift */; };
		E96735442B87DC67004409C5 /* PhotoCollectionViewCellModel.swift in Sources */ = {isa = PBXBuildFile; fileRef = E96735432B87DC67004409C5 /* PhotoCollectionViewCellModel.swift */; };
		E96735462B87DC90004409C5 /* ContactTableViewCellModel.swift in Sources */ = {isa = PBXBuildFile; fileRef = E96735452B87DC90004409C5 /* ContactTableViewCellModel.swift */; };
		E97313C42AE3B91300156109 /* PromoCityTableViewCell.swift in Sources */ = {isa = PBXBuildFile; fileRef = E97313C32AE3B91300156109 /* PromoCityTableViewCell.swift */; };
		E9803A87280DD4EE0097C70E /* ContactTableViewCell.swift in Sources */ = {isa = PBXBuildFile; fileRef = E9803A86280DD4EE0097C70E /* ContactTableViewCell.swift */; };
		E9873F9228BCC79700F6525D /* MainTextField.swift in Sources */ = {isa = PBXBuildFile; fileRef = E9873F9128BCC79700F6525D /* MainTextField.swift */; };
		E99DB8CD28BE425A00D323F5 /* PizzaFlowLayout.swift in Sources */ = {isa = PBXBuildFile; fileRef = E99DB8CC28BE425A00D323F5 /* PizzaFlowLayout.swift */; };
		E9A95D492AFD20D2004B5C25 /* ImageTableViewCell.swift in Sources */ = {isa = PBXBuildFile; fileRef = E9A95D482AFD20D2004B5C25 /* ImageTableViewCell.swift */; };
		E9AAE8742AFE42A6004EB8A3 /* DinerInfoTableViewCell.swift in Sources */ = {isa = PBXBuildFile; fileRef = E9AAE8722AFE42A6004EB8A3 /* DinerInfoTableViewCell.swift */; };
		E9AAE8752AFE42A6004EB8A3 /* DinerInfoTableViewCell.xib in Resources */ = {isa = PBXBuildFile; fileRef = E9AAE8732AFE42A6004EB8A3 /* DinerInfoTableViewCell.xib */; };
		E9AF60E92AE9569700A8AAFA /* BestGuidesFlowLayout.swift in Sources */ = {isa = PBXBuildFile; fileRef = E9AF60E82AE9569700A8AAFA /* BestGuidesFlowLayout.swift */; };
		E9B157532ADDC5D7005458D7 /* RxCocoa in Frameworks */ = {isa = PBXBuildFile; productRef = E9B157522ADDC5D7005458D7 /* RxCocoa */; };
		E9B157572ADDC5D7005458D7 /* RxRelay in Frameworks */ = {isa = PBXBuildFile; productRef = E9B157562ADDC5D7005458D7 /* RxRelay */; };
		E9B1575B2ADDC5D7005458D7 /* RxSwift in Frameworks */ = {isa = PBXBuildFile; productRef = E9B1575A2ADDC5D7005458D7 /* RxSwift */; };
		E9B157642ADDC61E005458D7 /* RxFlow in Frameworks */ = {isa = PBXBuildFile; productRef = E9B157632ADDC61E005458D7 /* RxFlow */; };
		E9B157672ADDC6B4005458D7 /* DashboardFlow.swift in Sources */ = {isa = PBXBuildFile; fileRef = E9B157662ADDC6B4005458D7 /* DashboardFlow.swift */; };
		E9B157692ADDC7BE005458D7 /* AppFlow.swift in Sources */ = {isa = PBXBuildFile; fileRef = E9B157682ADDC7BE005458D7 /* AppFlow.swift */; };
		E9B1576B2ADDC7E2005458D7 /* ActiveStepper.swift in Sources */ = {isa = PBXBuildFile; fileRef = E9B1576A2ADDC7E2005458D7 /* ActiveStepper.swift */; };
		E9B1576D2ADDC7FA005458D7 /* AppStep.swift in Sources */ = {isa = PBXBuildFile; fileRef = E9B1576C2ADDC7FA005458D7 /* AppStep.swift */; };
		E9B157702ADDCA8B005458D7 /* HomeFlow.swift in Sources */ = {isa = PBXBuildFile; fileRef = E9B1576F2ADDCA8B005458D7 /* HomeFlow.swift */; };
		E9B157722ADDCACB005458D7 /* HomeViewController.swift in Sources */ = {isa = PBXBuildFile; fileRef = E9B157712ADDCACB005458D7 /* HomeViewController.swift */; };
		E9B157742ADDCAEF005458D7 /* HomeViewModel.swift in Sources */ = {isa = PBXBuildFile; fileRef = E9B157732ADDCAEF005458D7 /* HomeViewModel.swift */; };
		E9B40E002AE2E42900AC5FCB /* PromoCityCollectionViewCell.swift in Sources */ = {isa = PBXBuildFile; fileRef = E9B40DFF2AE2E42900AC5FCB /* PromoCityCollectionViewCell.swift */; };
		E9B40E032AE2F6E100AC5FCB /* RxDataSources in Frameworks */ = {isa = PBXBuildFile; productRef = E9B40E022AE2F6E100AC5FCB /* RxDataSources */; };
		E9B40E052AE2F71D00AC5FCB /* HomeDataSource.swift in Sources */ = {isa = PBXBuildFile; fileRef = E9B40E042AE2F71D00AC5FCB /* HomeDataSource.swift */; };
		E9CC600E2AE6FA4500EFDE03 /* DinerCollectionViewCell.swift in Sources */ = {isa = PBXBuildFile; fileRef = E9CC600D2AE6FA4500EFDE03 /* DinerCollectionViewCell.swift */; };
		E9CC60102AE7040900EFDE03 /* DinerTableViewCell.swift in Sources */ = {isa = PBXBuildFile; fileRef = E9CC600F2AE7040900EFDE03 /* DinerTableViewCell.swift */; };
		E9DA731A2AEBA8DF005A8C24 /* StoreViewController.swift in Sources */ = {isa = PBXBuildFile; fileRef = E9DA73192AEBA8DF005A8C24 /* StoreViewController.swift */; };
		E9DA731C2AEBA8EC005A8C24 /* StoreViewModel.swift in Sources */ = {isa = PBXBuildFile; fileRef = E9DA731B2AEBA8EC005A8C24 /* StoreViewModel.swift */; };
		E9DA731E2AEBAA7F005A8C24 /* StoreFlow.swift in Sources */ = {isa = PBXBuildFile; fileRef = E9DA731D2AEBAA7F005A8C24 /* StoreFlow.swift */; };
		E9DA73212AEC27CA005A8C24 /* RatingView.swift in Sources */ = {isa = PBXBuildFile; fileRef = E9DA73202AEC27CA005A8C24 /* RatingView.swift */; };
		E9EC2FEA2B890EF900604F22 /* MembershipStatus.swift in Sources */ = {isa = PBXBuildFile; fileRef = E9EC2FE92B890EF900604F22 /* MembershipStatus.swift */; };
		E9F26CAB2820114500A2DD79 /* CompositionalLayoutViewController.swift in Sources */ = {isa = PBXBuildFile; fileRef = E9F26CAA2820114500A2DD79 /* CompositionalLayoutViewController.swift */; };
		E9F26CAD282015CE00A2DD79 /* PhotoCollectionViewCell.swift in Sources */ = {isa = PBXBuildFile; fileRef = E9F26CAC282015CE00A2DD79 /* PhotoCollectionViewCell.swift */; };
		E9F26CB0282016AA00A2DD79 /* Then in Frameworks */ = {isa = PBXBuildFile; productRef = E9F26CAF282016AA00A2DD79 /* Then */; };
		EB2B005B2E03FDDB00C0D2A9 /* GoodsPopupViewController.swift in Sources */ = {isa = PBXBuildFile; fileRef = EB2B005A2E03FDD900C0D2A9 /* GoodsPopupViewController.swift */; };
		EB2B005D2E03FE1600C0D2A9 /* UIScreen+Ext.swift in Sources */ = {isa = PBXBuildFile; fileRef = EB2B005C2E03FE1200C0D2A9 /* UIScreen+Ext.swift */; };
		EB2B00612E04290D00C0D2A9 /* PriceView.swift in Sources */ = {isa = PBXBuildFile; fileRef = EB2B00602E04290700C0D2A9 /* PriceView.swift */; };
		EB2B00802E043C5900C0D2A9 /* GoodsJSON.swift in Sources */ = {isa = PBXBuildFile; fileRef = EB2B007F2E043C5800C0D2A9 /* GoodsJSON.swift */; };
		EB2B00832E043DD100C0D2A9 /* SortType.swift in Sources */ = {isa = PBXBuildFile; fileRef = EB2B00822E043DD000C0D2A9 /* SortType.swift */; };
		EB2B00862E04400000C0D2A9 /* SortingGoodsCellModel.swift in Sources */ = {isa = PBXBuildFile; fileRef = EB2B00852E043FFF00C0D2A9 /* SortingGoodsCellModel.swift */; };
		EB606BBC2E252A0B00F5188B /* PictureCollectionViewCell.swift in Sources */ = {isa = PBXBuildFile; fileRef = EB606BBB2E252A0A00F5188B /* PictureCollectionViewCell.swift */; };
		EB606BBF2E252A6300F5188B /* PicturesViewLayout.swift in Sources */ = {isa = PBXBuildFile; fileRef = EB606BBE2E252A6300F5188B /* PicturesViewLayout.swift */; };
		EB60B8302E216D0F0072D596 /* PhotosViewController.swift in Sources */ = {isa = PBXBuildFile; fileRef = EB60B82F2E216D0F0072D596 /* PhotosViewController.swift */; };
		EB60B8372E216DE60072D596 /* TagCollectionViewCell.swift in Sources */ = {isa = PBXBuildFile; fileRef = EB60B8362E216DE60072D596 /* TagCollectionViewCell.swift */; };
		EB60B8392E2172F00072D596 /* TrialView.swift in Sources */ = {isa = PBXBuildFile; fileRef = EB60B8382E2172E80072D596 /* TrialView.swift */; };
		EB7EA5E82E22BBC30088684B /* TagsView.swift in Sources */ = {isa = PBXBuildFile; fileRef = EB7EA5E72E22BBBE0088684B /* TagsView.swift */; };
		EB7EA5EA2E22CF7E0088684B /* Array+Ext.swift in Sources */ = {isa = PBXBuildFile; fileRef = EB7EA5E92E22CF790088684B /* Array+Ext.swift */; };
		EBBEC06D2E05377F005A6932 /* GoodsTableViewCellModel.swift in Sources */ = {isa = PBXBuildFile; fileRef = EBBEC06C2E05377E005A6932 /* GoodsTableViewCellModel.swift */; };
		EBBEC0722E0542C9005A6932 /* BundleFileProvider.swift in Sources */ = {isa = PBXBuildFile; fileRef = EBBEC0712E0542C8005A6932 /* BundleFileProvider.swift */; };
		EBBEC0742E054335005A6932 /* JSONDecoderService.swift in Sources */ = {isa = PBXBuildFile; fileRef = EBBEC0732E054330005A6932 /* JSONDecoderService.swift */; };
		EBBEC0762E054382005A6932 /* GoodsMapper.swift in Sources */ = {isa = PBXBuildFile; fileRef = EBBEC0752E054380005A6932 /* GoodsMapper.swift */; };
		EBBEC0792E05442B005A6932 /* GoodsService.swift in Sources */ = {isa = PBXBuildFile; fileRef = EBBEC0782E054420005A6932 /* GoodsService.swift */; };
		EBCEDC102E23EC00004655C8 /* PicturesView.swift in Sources */ = {isa = PBXBuildFile; fileRef = EBCEDC0F2E23EBF8004655C8 /* PicturesView.swift */; };
		EBD156822E263033005A359F /* PhotosPresenter.swift in Sources */ = {isa = PBXBuildFile; fileRef = EBD156812E263030005A359F /* PhotosPresenter.swift */; };
		EBD157262E263CF4005A359F /* PhotosInteractor.swift in Sources */ = {isa = PBXBuildFile; fileRef = EBD157252E263CF3005A359F /* PhotosInteractor.swift */; };
		EBD157292E263D39005A359F /* FreeTrialModel.swift in Sources */ = {isa = PBXBuildFile; fileRef = EBD157282E263D38005A359F /* FreeTrialModel.swift */; };
		EBD1572B2E263D60005A359F /* PictureModel.swift in Sources */ = {isa = PBXBuildFile; fileRef = EBD1572A2E263D5F005A359F /* PictureModel.swift */; };
		EBD1572D2E263D72005A359F /* TagModel.swift in Sources */ = {isa = PBXBuildFile; fileRef = EBD1572C2E263D72005A359F /* TagModel.swift */; };
		EBD1572F2E263DAE005A359F /* PhotosScreenModel.swift in Sources */ = {isa = PBXBuildFile; fileRef = EBD1572E2E263DAC005A359F /* PhotosScreenModel.swift */; };
		EBDCD6E42E03242C00FD8049 /* GoodsViewController.swift in Sources */ = {isa = PBXBuildFile; fileRef = EBDCD6E32E03242C00FD8049 /* GoodsViewController.swift */; };
		EBDCD6E62E03244800FD8049 /* GoodsViewModel.swift in Sources */ = {isa = PBXBuildFile; fileRef = EBDCD6E52E03244200FD8049 /* GoodsViewModel.swift */; };
		EBDCD6E92E0324DD00FD8049 /* GoodsTableViewCell.swift in Sources */ = {isa = PBXBuildFile; fileRef = EBDCD6E82E0324DD00FD8049 /* GoodsTableViewCell.swift */; };
		EBDCD6EB2E0326E600FD8049 /* SortingGoodsTableViewCell.swift in Sources */ = {isa = PBXBuildFile; fileRef = EBDCD6EA2E0326E600FD8049 /* SortingGoodsTableViewCell.swift */; };
		EBDCD6ED2E03292700FD8049 /* GoodeDataSource.swift in Sources */ = {isa = PBXBuildFile; fileRef = EBDCD6EC2E03292100FD8049 /* GoodeDataSource.swift */; };
		EBDCD6EF2E032F3F00FD8049 /* Goods.swift in Sources */ = {isa = PBXBuildFile; fileRef = EBDCD6EE2E032F3D00FD8049 /* Goods.swift */; };
		EBDCD6F12E032F7700FD8049 /* GoodsScreenBuilder.swift in Sources */ = {isa = PBXBuildFile; fileRef = EBDCD6F02E032F7600FD8049 /* GoodsScreenBuilder.swift */; };
		EBDCD6F42E0331D700FD8049 /* goods.json in Resources */ = {isa = PBXBuildFile; fileRef = EBDCD6F32E0331C900FD8049 /* goods.json */; };
/* End PBXBuildFile section */

/* Begin PBXFileReference section */
		E914CA2E2ADA74F7000478DA /* Manager.swift */ = {isa = PBXFileReference; lastKnownFileType = sourcecode.swift; path = Manager.swift; sourceTree = "<group>"; };
		E92073962AE8200800AE151C /* BestGuideCollectionViewCell.swift */ = {isa = PBXFileReference; lastKnownFileType = sourcecode.swift; path = BestGuideCollectionViewCell.swift; sourceTree = "<group>"; };
		E92073982AE8246E00AE151C /* BestGuideTableViewCell.swift */ = {isa = PBXFileReference; lastKnownFileType = sourcecode.swift; path = BestGuideTableViewCell.swift; sourceTree = "<group>"; };
		E9247F1728108F17007212A9 /* ExampleDDSViewController.swift */ = {isa = PBXFileReference; lastKnownFileType = sourcecode.swift; path = ExampleDDSViewController.swift; sourceTree = "<group>"; };
		E9247F1C28109DAA007212A9 /* CellBuilder.swift */ = {isa = PBXFileReference; lastKnownFileType = sourcecode.swift; path = CellBuilder.swift; sourceTree = "<group>"; };
		E928F84B2AE9873D00E44EE1 /* TitleButtonTableViewCell.swift */ = {isa = PBXFileReference; lastKnownFileType = sourcecode.swift; path = TitleButtonTableViewCell.swift; sourceTree = "<group>"; };
		E9295DBC28204A4E007A83F0 /* Developer.swift */ = {isa = PBXFileReference; lastKnownFileType = sourcecode.swift; path = Developer.swift; sourceTree = "<group>"; };
		E9295DBE28204A74007A83F0 /* CaliforniaImage.swift */ = {isa = PBXFileReference; lastKnownFileType = sourcecode.swift; path = CaliforniaImage.swift; sourceTree = "<group>"; };
		E932594A280C058A00199960 /* UIKit-Helper.app */ = {isa = PBXFileReference; explicitFileType = wrapper.application; includeInIndex = 0; path = "UIKit-Helper.app"; sourceTree = BUILT_PRODUCTS_DIR; };
		E932594D280C058A00199960 /* AppDelegate.swift */ = {isa = PBXFileReference; lastKnownFileType = sourcecode.swift; path = AppDelegate.swift; sourceTree = "<group>"; };
		E932594F280C058A00199960 /* SceneDelegate.swift */ = {isa = PBXFileReference; lastKnownFileType = sourcecode.swift; path = SceneDelegate.swift; sourceTree = "<group>"; };
		E9325956280C058B00199960 /* Assets.xcassets */ = {isa = PBXFileReference; lastKnownFileType = folder.assetcatalog; path = Assets.xcassets; sourceTree = "<group>"; };
		E9325959280C058B00199960 /* Base */ = {isa = PBXFileReference; lastKnownFileType = file.storyboard; name = Base; path = Base.lproj/LaunchScreen.storyboard; sourceTree = "<group>"; };
		E932595B280C058B00199960 /* Info.plist */ = {isa = PBXFileReference; lastKnownFileType = text.plist.xml; path = Info.plist; sourceTree = "<group>"; };
		E9325963280C0A9100199960 /* MainViewController.swift */ = {isa = PBXFileReference; lastKnownFileType = sourcecode.swift; path = MainViewController.swift; sourceTree = "<group>"; };
		E9325972280C1B3800199960 /* BlueButton.swift */ = {isa = PBXFileReference; lastKnownFileType = sourcecode.swift; path = BlueButton.swift; sourceTree = "<group>"; };
		E94497122AF3C61D00D1D960 /* DinerViewModel.swift */ = {isa = PBXFileReference; lastKnownFileType = sourcecode.swift; path = DinerViewModel.swift; sourceTree = "<group>"; };
		E94B25CC28BDF08A00BA530A /* CVFLViewController.swift */ = {isa = PBXFileReference; lastKnownFileType = sourcecode.swift; path = CVFLViewController.swift; sourceTree = "<group>"; };
		E94B25CE28BDF43000BA530A /* ProductCollectionViewCell.swift */ = {isa = PBXFileReference; lastKnownFileType = sourcecode.swift; path = ProductCollectionViewCell.swift; sourceTree = "<group>"; };
		E94B25D028BE06A100BA530A /* Product.swift */ = {isa = PBXFileReference; lastKnownFileType = sourcecode.swift; path = Product.swift; sourceTree = "<group>"; };
		E94B25D228BE3CA100BA530A /* Consts.swift */ = {isa = PBXFileReference; lastKnownFileType = sourcecode.swift; path = Consts.swift; sourceTree = "<group>"; };
		E9582A9C2AF01EA00050E88F /* DinerViewController.swift */ = {isa = PBXFileReference; lastKnownFileType = sourcecode.swift; path = DinerViewController.swift; sourceTree = "<group>"; };
		E9608BA12AEFE1DF00B28A43 /* OtherFlow.swift */ = {isa = PBXFileReference; lastKnownFileType = sourcecode.swift; path = OtherFlow.swift; sourceTree = "<group>"; };
		E9608BA42AEFF49800B28A43 /* DinersListViewController.swift */ = {isa = PBXFileReference; lastKnownFileType = sourcecode.swift; path = DinersListViewController.swift; sourceTree = "<group>"; };
		E962F57B2AFD440300B72A60 /* DinerDataSource.swift */ = {isa = PBXFileReference; lastKnownFileType = sourcecode.swift; path = DinerDataSource.swift; sourceTree = "<group>"; };
		E9653F4F28BCDD130027497B /* MainTextView.swift */ = {isa = PBXFileReference; lastKnownFileType = sourcecode.swift; path = MainTextView.swift; sourceTree = "<group>"; };
		E9653F5128BCDE2A0027497B /* UIKitViewController.swift */ = {isa = PBXFileReference; lastKnownFileType = sourcecode.swift; path = UIKitViewController.swift; sourceTree = "<group>"; };
		E9653F5428BCE7A90027497B /* AppSlider.swift */ = {isa = PBXFileReference; lastKnownFileType = sourcecode.swift; path = AppSlider.swift; sourceTree = "<group>"; };
		E96735342B87CFAE004409C5 /* MembershipStatusTableViewCell.swift */ = {isa = PBXFileReference; lastKnownFileType = sourcecode.swift; path = MembershipStatusTableViewCell.swift; sourceTree = "<group>"; };
		E96735382B87D863004409C5 /* TitleButtonCellModel.swift */ = {isa = PBXFileReference; lastKnownFileType = sourcecode.swift; path = TitleButtonCellModel.swift; sourceTree = "<group>"; };
		E967353A2B87D898004409C5 /* BestGuide.swift */ = {isa = PBXFileReference; lastKnownFileType = sourcecode.swift; path = BestGuide.swift; sourceTree = "<group>"; };
		E967353D2B87D8F0004409C5 /* Diner.swift */ = {isa = PBXFileReference; lastKnownFileType = sourcecode.swift; path = Diner.swift; sourceTree = "<group>"; };
		E967353F2B87D910004409C5 /* PromoTourModel.swift */ = {isa = PBXFileReference; lastKnownFileType = sourcecode.swift; path = PromoTourModel.swift; sourceTree = "<group>"; };
		E96735412B87DC4C004409C5 /* ProductCellModel.swift */ = {isa = PBXFileReference; lastKnownFileType = sourcecode.swift; path = ProductCellModel.swift; sourceTree = "<group>"; };
		E96735432B87DC67004409C5 /* PhotoCollectionViewCellModel.swift */ = {isa = PBXFileReference; lastKnownFileType = sourcecode.swift; path = PhotoCollectionViewCellModel.swift; sourceTree = "<group>"; };
		E96735452B87DC90004409C5 /* ContactTableViewCellModel.swift */ = {isa = PBXFileReference; lastKnownFileType = sourcecode.swift; path = ContactTableViewCellModel.swift; sourceTree = "<group>"; };
		E97313C32AE3B91300156109 /* PromoCityTableViewCell.swift */ = {isa = PBXFileReference; lastKnownFileType = sourcecode.swift; path = PromoCityTableViewCell.swift; sourceTree = "<group>"; };
		E9803A86280DD4EE0097C70E /* ContactTableViewCell.swift */ = {isa = PBXFileReference; lastKnownFileType = sourcecode.swift; path = ContactTableViewCell.swift; sourceTree = "<group>"; };
		E9873F9128BCC79700F6525D /* MainTextField.swift */ = {isa = PBXFileReference; lastKnownFileType = sourcecode.swift; path = MainTextField.swift; sourceTree = "<group>"; };
		E99DB8CC28BE425A00D323F5 /* PizzaFlowLayout.swift */ = {isa = PBXFileReference; lastKnownFileType = sourcecode.swift; path = PizzaFlowLayout.swift; sourceTree = "<group>"; };
		E9A95D482AFD20D2004B5C25 /* ImageTableViewCell.swift */ = {isa = PBXFileReference; lastKnownFileType = sourcecode.swift; path = ImageTableViewCell.swift; sourceTree = "<group>"; };
		E9AAE8722AFE42A6004EB8A3 /* DinerInfoTableViewCell.swift */ = {isa = PBXFileReference; lastKnownFileType = sourcecode.swift; path = DinerInfoTableViewCell.swift; sourceTree = "<group>"; };
		E9AAE8732AFE42A6004EB8A3 /* DinerInfoTableViewCell.xib */ = {isa = PBXFileReference; lastKnownFileType = file.xib; path = DinerInfoTableViewCell.xib; sourceTree = "<group>"; };
		E9AF60E82AE9569700A8AAFA /* BestGuidesFlowLayout.swift */ = {isa = PBXFileReference; lastKnownFileType = sourcecode.swift; path = BestGuidesFlowLayout.swift; sourceTree = "<group>"; };
		E9B157662ADDC6B4005458D7 /* DashboardFlow.swift */ = {isa = PBXFileReference; lastKnownFileType = sourcecode.swift; path = DashboardFlow.swift; sourceTree = "<group>"; };
		E9B157682ADDC7BE005458D7 /* AppFlow.swift */ = {isa = PBXFileReference; lastKnownFileType = sourcecode.swift; path = AppFlow.swift; sourceTree = "<group>"; };
		E9B1576A2ADDC7E2005458D7 /* ActiveStepper.swift */ = {isa = PBXFileReference; lastKnownFileType = sourcecode.swift; path = ActiveStepper.swift; sourceTree = "<group>"; };
		E9B1576C2ADDC7FA005458D7 /* AppStep.swift */ = {isa = PBXFileReference; lastKnownFileType = sourcecode.swift; path = AppStep.swift; sourceTree = "<group>"; };
		E9B1576F2ADDCA8B005458D7 /* HomeFlow.swift */ = {isa = PBXFileReference; lastKnownFileType = sourcecode.swift; path = HomeFlow.swift; sourceTree = "<group>"; };
		E9B157712ADDCACB005458D7 /* HomeViewController.swift */ = {isa = PBXFileReference; lastKnownFileType = sourcecode.swift; path = HomeViewController.swift; sourceTree = "<group>"; };
		E9B157732ADDCAEF005458D7 /* HomeViewModel.swift */ = {isa = PBXFileReference; lastKnownFileType = sourcecode.swift; path = HomeViewModel.swift; sourceTree = "<group>"; };
		E9B40DFF2AE2E42900AC5FCB /* PromoCityCollectionViewCell.swift */ = {isa = PBXFileReference; lastKnownFileType = sourcecode.swift; path = PromoCityCollectionViewCell.swift; sourceTree = "<group>"; };
		E9B40E042AE2F71D00AC5FCB /* HomeDataSource.swift */ = {isa = PBXFileReference; lastKnownFileType = sourcecode.swift; path = HomeDataSource.swift; sourceTree = "<group>"; };
		E9CC600D2AE6FA4500EFDE03 /* DinerCollectionViewCell.swift */ = {isa = PBXFileReference; lastKnownFileType = sourcecode.swift; path = DinerCollectionViewCell.swift; sourceTree = "<group>"; };
		E9CC600F2AE7040900EFDE03 /* DinerTableViewCell.swift */ = {isa = PBXFileReference; lastKnownFileType = sourcecode.swift; path = DinerTableViewCell.swift; sourceTree = "<group>"; };
		E9DA73192AEBA8DF005A8C24 /* StoreViewController.swift */ = {isa = PBXFileReference; lastKnownFileType = sourcecode.swift; path = StoreViewController.swift; sourceTree = "<group>"; };
		E9DA731B2AEBA8EC005A8C24 /* StoreViewModel.swift */ = {isa = PBXFileReference; lastKnownFileType = sourcecode.swift; path = StoreViewModel.swift; sourceTree = "<group>"; };
		E9DA731D2AEBAA7F005A8C24 /* StoreFlow.swift */ = {isa = PBXFileReference; lastKnownFileType = sourcecode.swift; path = StoreFlow.swift; sourceTree = "<group>"; };
		E9DA73202AEC27CA005A8C24 /* RatingView.swift */ = {isa = PBXFileReference; lastKnownFileType = sourcecode.swift; path = RatingView.swift; sourceTree = "<group>"; };
		E9EC2FE92B890EF900604F22 /* MembershipStatus.swift */ = {isa = PBXFileReference; lastKnownFileType = sourcecode.swift; path = MembershipStatus.swift; sourceTree = "<group>"; };
		E9F26CAA2820114500A2DD79 /* CompositionalLayoutViewController.swift */ = {isa = PBXFileReference; lastKnownFileType = sourcecode.swift; path = CompositionalLayoutViewController.swift; sourceTree = "<group>"; };
		E9F26CAC282015CE00A2DD79 /* PhotoCollectionViewCell.swift */ = {isa = PBXFileReference; lastKnownFileType = sourcecode.swift; path = PhotoCollectionViewCell.swift; sourceTree = "<group>"; };
		EB2B005A2E03FDD900C0D2A9 /* GoodsPopupViewController.swift */ = {isa = PBXFileReference; lastKnownFileType = sourcecode.swift; path = GoodsPopupViewController.swift; sourceTree = "<group>"; };
		EB2B005C2E03FE1200C0D2A9 /* UIScreen+Ext.swift */ = {isa = PBXFileReference; lastKnownFileType = sourcecode.swift; path = "UIScreen+Ext.swift"; sourceTree = "<group>"; };
		EB2B00602E04290700C0D2A9 /* PriceView.swift */ = {isa = PBXFileReference; lastKnownFileType = sourcecode.swift; path = PriceView.swift; sourceTree = "<group>"; };
		EB2B007F2E043C5800C0D2A9 /* GoodsJSON.swift */ = {isa = PBXFileReference; lastKnownFileType = sourcecode.swift; path = GoodsJSON.swift; sourceTree = "<group>"; };
		EB2B00822E043DD000C0D2A9 /* SortType.swift */ = {isa = PBXFileReference; lastKnownFileType = sourcecode.swift; path = SortType.swift; sourceTree = "<group>"; };
		EB2B00852E043FFF00C0D2A9 /* SortingGoodsCellModel.swift */ = {isa = PBXFileReference; lastKnownFileType = sourcecode.swift; path = SortingGoodsCellModel.swift; sourceTree = "<group>"; };
		EB606BBB2E252A0A00F5188B /* PictureCollectionViewCell.swift */ = {isa = PBXFileReference; lastKnownFileType = sourcecode.swift; path = PictureCollectionViewCell.swift; sourceTree = "<group>"; };
		EB606BBE2E252A6300F5188B /* PicturesViewLayout.swift */ = {isa = PBXFileReference; lastKnownFileType = sourcecode.swift; path = PicturesViewLayout.swift; sourceTree = "<group>"; };
		EB60B82F2E216D0F0072D596 /* PhotosViewController.swift */ = {isa = PBXFileReference; lastKnownFileType = sourcecode.swift; path = PhotosViewController.swift; sourceTree = "<group>"; };
		EB60B8362E216DE60072D596 /* TagCollectionViewCell.swift */ = {isa = PBXFileReference; lastKnownFileType = sourcecode.swift; path = TagCollectionViewCell.swift; sourceTree = "<group>"; };
		EB60B8382E2172E80072D596 /* TrialView.swift */ = {isa = PBXFileReference; lastKnownFileType = sourcecode.swift; path = TrialView.swift; sourceTree = "<group>"; };
		EB7EA5E72E22BBBE0088684B /* TagsView.swift */ = {isa = PBXFileReference; lastKnownFileType = sourcecode.swift; path = TagsView.swift; sourceTree = "<group>"; };
		EB7EA5E92E22CF790088684B /* Array+Ext.swift */ = {isa = PBXFileReference; lastKnownFileType = sourcecode.swift; path = "Array+Ext.swift"; sourceTree = "<group>"; };
		EBBEC06C2E05377E005A6932 /* GoodsTableViewCellModel.swift */ = {isa = PBXFileReference; lastKnownFileType = sourcecode.swift; path = GoodsTableViewCellModel.swift; sourceTree = "<group>"; };
		EBBEC0712E0542C8005A6932 /* BundleFileProvider.swift */ = {isa = PBXFileReference; lastKnownFileType = sourcecode.swift; path = BundleFileProvider.swift; sourceTree = "<group>"; };
		EBBEC0732E054330005A6932 /* JSONDecoderService.swift */ = {isa = PBXFileReference; lastKnownFileType = sourcecode.swift; path = JSONDecoderService.swift; sourceTree = "<group>"; };
		EBBEC0752E054380005A6932 /* GoodsMapper.swift */ = {isa = PBXFileReference; lastKnownFileType = sourcecode.swift; path = GoodsMapper.swift; sourceTree = "<group>"; };
		EBBEC0782E054420005A6932 /* GoodsService.swift */ = {isa = PBXFileReference; lastKnownFileType = sourcecode.swift; path = GoodsService.swift; sourceTree = "<group>"; };
		EBCEDC0F2E23EBF8004655C8 /* PicturesView.swift */ = {isa = PBXFileReference; lastKnownFileType = sourcecode.swift; path = PicturesView.swift; sourceTree = "<group>"; };
		EBD156812E263030005A359F /* PhotosPresenter.swift */ = {isa = PBXFileReference; lastKnownFileType = sourcecode.swift; path = PhotosPresenter.swift; sourceTree = "<group>"; };
		EBD157252E263CF3005A359F /* PhotosInteractor.swift */ = {isa = PBXFileReference; lastKnownFileType = sourcecode.swift; path = PhotosInteractor.swift; sourceTree = "<group>"; };
		EBD157282E263D38005A359F /* FreeTrialModel.swift */ = {isa = PBXFileReference; lastKnownFileType = sourcecode.swift; path = FreeTrialModel.swift; sourceTree = "<group>"; };
		EBD1572A2E263D5F005A359F /* PictureModel.swift */ = {isa = PBXFileReference; lastKnownFileType = sourcecode.swift; path = PictureModel.swift; sourceTree = "<group>"; };
		EBD1572C2E263D72005A359F /* TagModel.swift */ = {isa = PBXFileReference; lastKnownFileType = sourcecode.swift; path = TagModel.swift; sourceTree = "<group>"; };
		EBD1572E2E263DAC005A359F /* PhotosScreenModel.swift */ = {isa = PBXFileReference; lastKnownFileType = sourcecode.swift; path = PhotosScreenModel.swift; sourceTree = "<group>"; };
		EBDCD6E32E03242C00FD8049 /* GoodsViewController.swift */ = {isa = PBXFileReference; lastKnownFileType = sourcecode.swift; path = GoodsViewController.swift; sourceTree = "<group>"; };
		EBDCD6E52E03244200FD8049 /* GoodsViewModel.swift */ = {isa = PBXFileReference; lastKnownFileType = sourcecode.swift; path = GoodsViewModel.swift; sourceTree = "<group>"; };
		EBDCD6E82E0324DD00FD8049 /* GoodsTableViewCell.swift */ = {isa = PBXFileReference; lastKnownFileType = sourcecode.swift; path = GoodsTableViewCell.swift; sourceTree = "<group>"; };
		EBDCD6EA2E0326E600FD8049 /* SortingGoodsTableViewCell.swift */ = {isa = PBXFileReference; lastKnownFileType = sourcecode.swift; path = SortingGoodsTableViewCell.swift; sourceTree = "<group>"; };
		EBDCD6EC2E03292100FD8049 /* GoodeDataSource.swift */ = {isa = PBXFileReference; lastKnownFileType = sourcecode.swift; path = GoodeDataSource.swift; sourceTree = "<group>"; };
		EBDCD6EE2E032F3D00FD8049 /* Goods.swift */ = {isa = PBXFileReference; lastKnownFileType = sourcecode.swift; path = Goods.swift; sourceTree = "<group>"; };
		EBDCD6F02E032F7600FD8049 /* GoodsScreenBuilder.swift */ = {isa = PBXFileReference; lastKnownFileType = sourcecode.swift; path = GoodsScreenBuilder.swift; sourceTree = "<group>"; };
		EBDCD6F32E0331C900FD8049 /* goods.json */ = {isa = PBXFileReference; lastKnownFileType = text.json; path = goods.json; sourceTree = "<group>"; };
/* End PBXFileReference section */

/* Begin PBXFrameworksBuildPhase section */
		E9325947280C058A00199960 /* Frameworks */ = {
			isa = PBXFrameworksBuildPhase;
			buildActionMask = 2147483647;
			files = (
				E9B157532ADDC5D7005458D7 /* RxCocoa in Frameworks */,
				E9B1575B2ADDC5D7005458D7 /* RxSwift in Frameworks */,
				E932596D280C0DF300199960 /* Reusable in Frameworks */,
				E9B157642ADDC61E005458D7 /* RxFlow in Frameworks */,
				E9F26CB0282016AA00A2DD79 /* Then in Frameworks */,
				E9B40E032AE2F6E100AC5FCB /* RxDataSources in Frameworks */,
				E9325970280C0E5400199960 /* SnapKit in Frameworks */,
				E9B157572ADDC5D7005458D7 /* RxRelay in Frameworks */,
			);
			runOnlyForDeploymentPostprocessing = 0;
		};
/* End PBXFrameworksBuildPhase section */

/* Begin PBXGroup section */
		E92073952AE81FA700AE151C /* BestGuide */ = {
			isa = PBXGroup;
			children = (
				E92073982AE8246E00AE151C /* BestGuideTableViewCell.swift */,
				E92073962AE8200800AE151C /* BestGuideCollectionViewCell.swift */,
			);
			path = BestGuide;
			sourceTree = "<group>";
		};
		E9247F1928108F23007212A9 /* Main */ = {
			isa = PBXGroup;
			children = (
				E9325963280C0A9100199960 /* MainViewController.swift */,
			);
			path = Main;
			sourceTree = "<group>";
		};
		E9247F1A28108F2C007212A9 /* Examples */ = {
			isa = PBXGroup;
			children = (
				E9247F1728108F17007212A9 /* ExampleDDSViewController.swift */,
				E9F26CAA2820114500A2DD79 /* CompositionalLayoutViewController.swift */,
				E9653F5128BCDE2A0027497B /* UIKitViewController.swift */,
				E94B25CC28BDF08A00BA530A /* CVFLViewController.swift */,
			);
			path = Examples;
			sourceTree = "<group>";
		};
		E9247F1B28109D93007212A9 /* Helpers */ = {
			isa = PBXGroup;
			children = (
				EB2B007E2E043C1400C0D2A9 /* Extensions */,
				E99DB8CB28BE422700D323F5 /* FlowLayouts */,
				E9247F1C28109DAA007212A9 /* CellBuilder.swift */,
				E94B25D228BE3CA100BA530A /* Consts.swift */,
			);
			path = Helpers;
			sourceTree = "<group>";
		};
		E9295DBB28204A3E007A83F0 /* Models */ = {
			isa = PBXGroup;
			children = (
				EBBEC0772E0543EC005A6932 /* Mappers */,
				E96735372B87D7B8004409C5 /* Configuration */,
				E96735362B87D6E8004409C5 /* Local */,
				E967353C2B87D89D004409C5 /* Other */,
			);
			path = Models;
			sourceTree = "<group>";
		};
		E9325941280C058A00199960 = {
			isa = PBXGroup;
			children = (
				E932594C280C058A00199960 /* UIKit-Helper */,
				E932594B280C058A00199960 /* Products */,
			);
			sourceTree = "<group>";
		};
		E932594B280C058A00199960 /* Products */ = {
			isa = PBXGroup;
			children = (
				E932594A280C058A00199960 /* UIKit-Helper.app */,
			);
			name = Products;
			sourceTree = "<group>";
		};
		E932594C280C058A00199960 /* UIKit-Helper */ = {
			isa = PBXGroup;
			children = (
				E932595B280C058B00199960 /* Info.plist */,
				E9325961280C098C00199960 /* App */,
				E9B157652ADDC6A7005458D7 /* Flow */,
				E99DB8CA28BE3F0000D323F5 /* Resources */,
				E9247F1B28109D93007212A9 /* Helpers */,
				EBBEC06E2E054295005A6932 /* Services */,
				E9295DBB28204A3E007A83F0 /* Models */,
				E9325962280C0A7900199960 /* Modules */,
				E9325965280C0B9100199960 /* Components */,
			);
			path = "UIKit-Helper";
			sourceTree = "<group>";
		};
		E9325961280C098C00199960 /* App */ = {
			isa = PBXGroup;
			children = (
				E932594D280C058A00199960 /* AppDelegate.swift */,
				E932594F280C058A00199960 /* SceneDelegate.swift */,
			);
			path = App;
			sourceTree = "<group>";
		};
		E9325962280C0A7900199960 /* Modules */ = {
			isa = PBXGroup;
			children = (
				E9B1576E2ADDC9CC005458D7 /* Home */,
				E9DA73182AEBA8C7005A8C24 /* Store */,
				E9582A9B2AF01E750050E88F /* Diner */,
				E9608BA32AEFF44B00B28A43 /* Diners */,
				E9247F1928108F23007212A9 /* Main */,
				EBDCD6E22E0323FD00FD8049 /* Goods */,
				EB60B82E2E216CCE0072D596 /* Photos */,
				E9247F1A28108F2C007212A9 /* Examples */,
			);
			path = Modules;
			sourceTree = "<group>";
		};
		E9325965280C0B9100199960 /* Components */ = {
			isa = PBXGroup;
			children = (
				EB606BBD2E252A5B00F5188B /* FlowLayouts */,
				EB2B007B2E0438CB00C0D2A9 /* PopUp */,
				E9DA731F2AEC277E005A8C24 /* Views */,
				E9653F5328BCE7850027497B /* Slider */,
				E9325971280C1A5400199960 /* Buttons */,
				E9803A85280DD4D20097C70E /* Cells */,
				E9873F9028BCC72B00F6525D /* TextFields */,
				E9653F4E28BCDCF20027497B /* TextViews */,
			);
			path = Components;
			sourceTree = "<group>";
		};
		E9325971280C1A5400199960 /* Buttons */ = {
			isa = PBXGroup;
			children = (
				E9325972280C1B3800199960 /* BlueButton.swift */,
			);
			path = Buttons;
			sourceTree = "<group>";
		};
		E95759F52AFE5F960064150C /* Info */ = {
			isa = PBXGroup;
			children = (
				E9AAE8722AFE42A6004EB8A3 /* DinerInfoTableViewCell.swift */,
				E9AAE8732AFE42A6004EB8A3 /* DinerInfoTableViewCell.xib */,
			);
			path = Info;
			sourceTree = "<group>";
		};
		E95759F62AFE6D180064150C /* Image */ = {
			isa = PBXGroup;
			children = (
				E9A95D482AFD20D2004B5C25 /* ImageTableViewCell.swift */,
			);
			path = Image;
			sourceTree = "<group>";
		};
		E9582A9B2AF01E750050E88F /* Diner */ = {
			isa = PBXGroup;
			children = (
				E9582A9C2AF01EA00050E88F /* DinerViewController.swift */,
				E94497122AF3C61D00D1D960 /* DinerViewModel.swift */,
				E962F57B2AFD440300B72A60 /* DinerDataSource.swift */,
			);
			path = Diner;
			sourceTree = "<group>";
		};
		E9608BA32AEFF44B00B28A43 /* Diners */ = {
			isa = PBXGroup;
			children = (
				E9608BA42AEFF49800B28A43 /* DinersListViewController.swift */,
			);
			path = Diners;
			sourceTree = "<group>";
		};
		E9653F4E28BCDCF20027497B /* TextViews */ = {
			isa = PBXGroup;
			children = (
				E9653F4F28BCDD130027497B /* MainTextView.swift */,
			);
			path = TextViews;
			sourceTree = "<group>";
		};
		E9653F5328BCE7850027497B /* Slider */ = {
			isa = PBXGroup;
			children = (
				E9653F5428BCE7A90027497B /* AppSlider.swift */,
			);
			path = Slider;
			sourceTree = "<group>";
		};
		E96735332B87CEE3004409C5 /* MembershipStatus */ = {
			isa = PBXGroup;
			children = (
				E96735342B87CFAE004409C5 /* MembershipStatusTableViewCell.swift */,
			);
			path = MembershipStatus;
			sourceTree = "<group>";
		};
		E96735362B87D6E8004409C5 /* Local */ = {
			isa = PBXGroup;
			children = (
				EBD157272E263D32005A359F /* Photos */,
				EB2B00812E043C6B00C0D2A9 /* Goods */,
				E967353F2B87D910004409C5 /* PromoTourModel.swift */,
				E967353D2B87D8F0004409C5 /* Diner.swift */,
				E967353A2B87D898004409C5 /* BestGuide.swift */,
				E9EC2FE92B890EF900604F22 /* MembershipStatus.swift */,
			);
			path = Local;
			sourceTree = "<group>";
		};
		E96735372B87D7B8004409C5 /* Configuration */ = {
			isa = PBXGroup;
			children = (
				EB2B00822E043DD000C0D2A9 /* SortType.swift */,
				EBBEC06C2E05377E005A6932 /* GoodsTableViewCellModel.swift */,
				E96735382B87D863004409C5 /* TitleButtonCellModel.swift */,
			);
			path = Configuration;
			sourceTree = "<group>";
		};
		E967353C2B87D89D004409C5 /* Other */ = {
			isa = PBXGroup;
			children = (
				E9295DBE28204A74007A83F0 /* CaliforniaImage.swift */,
				E914CA2E2ADA74F7000478DA /* Manager.swift */,
				E9295DBC28204A4E007A83F0 /* Developer.swift */,
				E94B25D028BE06A100BA530A /* Product.swift */,
				E96735412B87DC4C004409C5 /* ProductCellModel.swift */,
				E96735432B87DC67004409C5 /* PhotoCollectionViewCellModel.swift */,
				E96735452B87DC90004409C5 /* ContactTableViewCellModel.swift */,
			);
			path = Other;
			sourceTree = "<group>";
		};
		E9803A85280DD4D20097C70E /* Cells */ = {
			isa = PBXGroup;
			children = (
				EB60B8352E216DD10072D596 /* Photos */,
				EBDCD6E72E0324B300FD8049 /* Goods */,
				E9B40DFE2AE2DFF700AC5FCB /* Home */,
				E9803A86280DD4EE0097C70E /* ContactTableViewCell.swift */,
				E9F26CAC282015CE00A2DD79 /* PhotoCollectionViewCell.swift */,
				E94B25CE28BDF43000BA530A /* ProductCollectionViewCell.swift */,
				E928F84B2AE9873D00E44EE1 /* TitleButtonTableViewCell.swift */,
			);
			path = Cells;
			sourceTree = "<group>";
		};
		E9873F9028BCC72B00F6525D /* TextFields */ = {
			isa = PBXGroup;
			children = (
				E9873F9128BCC79700F6525D /* MainTextField.swift */,
			);
			path = TextFields;
			sourceTree = "<group>";
		};
		E99DB8CA28BE3F0000D323F5 /* Resources */ = {
			isa = PBXGroup;
			children = (
				E9325956280C058B00199960 /* Assets.xcassets */,
				E9325958280C058B00199960 /* LaunchScreen.storyboard */,
				EBDCD6F22E0331B800FD8049 /* Json */,
			);
			path = Resources;
			sourceTree = "<group>";
		};
		E99DB8CB28BE422700D323F5 /* FlowLayouts */ = {
			isa = PBXGroup;
			children = (
				E99DB8CC28BE425A00D323F5 /* PizzaFlowLayout.swift */,
				E9AF60E82AE9569700A8AAFA /* BestGuidesFlowLayout.swift */,
			);
			path = FlowLayouts;
			sourceTree = "<group>";
		};
		E9A95D472AFD202C004B5C25 /* Detail */ = {
			isa = PBXGroup;
			children = (
				E95759F62AFE6D180064150C /* Image */,
				E95759F52AFE5F960064150C /* Info */,
			);
			path = Detail;
			sourceTree = "<group>";
		};
		E9B157652ADDC6A7005458D7 /* Flow */ = {
			isa = PBXGroup;
			children = (
				E9B1576C2ADDC7FA005458D7 /* AppStep.swift */,
				E9B1576A2ADDC7E2005458D7 /* ActiveStepper.swift */,
				E9B157682ADDC7BE005458D7 /* AppFlow.swift */,
				E9B157662ADDC6B4005458D7 /* DashboardFlow.swift */,
				E9B1576F2ADDCA8B005458D7 /* HomeFlow.swift */,
				E9DA731D2AEBAA7F005A8C24 /* StoreFlow.swift */,
				E9608BA12AEFE1DF00B28A43 /* OtherFlow.swift */,
			);
			path = Flow;
			sourceTree = "<group>";
		};
		E9B1576E2ADDC9CC005458D7 /* Home */ = {
			isa = PBXGroup;
			children = (
				E9B157712ADDCACB005458D7 /* HomeViewController.swift */,
				E9B157732ADDCAEF005458D7 /* HomeViewModel.swift */,
				E9B40E042AE2F71D00AC5FCB /* HomeDataSource.swift */,
			);
			path = Home;
			sourceTree = "<group>";
		};
		E9B40DFE2AE2DFF700AC5FCB /* Home */ = {
			isa = PBXGroup;
			children = (
				E96735332B87CEE3004409C5 /* MembershipStatus */,
				E92073952AE81FA700AE151C /* BestGuide */,
				E9CC600C2AE6FA2900EFDE03 /* Diner */,
				E9CC600B2AE6F5A600EFDE03 /* PromoCity */,
			);
			path = Home;
			sourceTree = "<group>";
		};
		E9CC600B2AE6F5A600EFDE03 /* PromoCity */ = {
			isa = PBXGroup;
			children = (
				E97313C32AE3B91300156109 /* PromoCityTableViewCell.swift */,
				E9B40DFF2AE2E42900AC5FCB /* PromoCityCollectionViewCell.swift */,
			);
			path = PromoCity;
			sourceTree = "<group>";
		};
		E9CC600C2AE6FA2900EFDE03 /* Diner */ = {
			isa = PBXGroup;
			children = (
				E9CC600F2AE7040900EFDE03 /* DinerTableViewCell.swift */,
				E9CC600D2AE6FA4500EFDE03 /* DinerCollectionViewCell.swift */,
				E9A95D472AFD202C004B5C25 /* Detail */,
			);
			path = Diner;
			sourceTree = "<group>";
		};
		E9DA73182AEBA8C7005A8C24 /* Store */ = {
			isa = PBXGroup;
			children = (
				E9DA73192AEBA8DF005A8C24 /* StoreViewController.swift */,
				E9DA731B2AEBA8EC005A8C24 /* StoreViewModel.swift */,
			);
			path = Store;
			sourceTree = "<group>";
		};
		E9DA731F2AEC277E005A8C24 /* Views */ = {
			isa = PBXGroup;
			children = (
				EBCEDC0F2E23EBF8004655C8 /* PicturesView.swift */,
				EB7EA5E72E22BBBE0088684B /* TagsView.swift */,
				EB2B00602E04290700C0D2A9 /* PriceView.swift */,
				E9DA73202AEC27CA005A8C24 /* RatingView.swift */,
				EB60B8382E2172E80072D596 /* TrialView.swift */,
			);
			path = Views;
			sourceTree = "<group>";
		};
		EB2B007B2E0438CB00C0D2A9 /* PopUp */ = {
			isa = PBXGroup;
			children = (
				EB2B005A2E03FDD900C0D2A9 /* GoodsPopupViewController.swift */,
			);
			path = PopUp;
			sourceTree = "<group>";
		};
		EB2B007E2E043C1400C0D2A9 /* Extensions */ = {
			isa = PBXGroup;
			children = (
				EB7EA5E92E22CF790088684B /* Array+Ext.swift */,
				EB2B005C2E03FE1200C0D2A9 /* UIScreen+Ext.swift */,
			);
			path = Extensions;
			sourceTree = "<group>";
		};
		EB2B00812E043C6B00C0D2A9 /* Goods */ = {
			isa = PBXGroup;
			children = (
				EB2B007F2E043C5800C0D2A9 /* GoodsJSON.swift */,
				EBDCD6EE2E032F3D00FD8049 /* Goods.swift */,
			);
			path = Goods;
			sourceTree = "<group>";
		};
		EB2B00842E043FF900C0D2A9 /* Model */ = {
			isa = PBXGroup;
			children = (
				EB2B00852E043FFF00C0D2A9 /* SortingGoodsCellModel.swift */,
			);
			path = Model;
			sourceTree = "<group>";
		};
		EB2B00872E04401F00C0D2A9 /* View */ = {
			isa = PBXGroup;
			children = (
				EBDCD6E32E03242C00FD8049 /* GoodsViewController.swift */,
			);
			path = View;
			sourceTree = "<group>";
		};
		EB2B00882E04402400C0D2A9 /* ViewModel */ = {
			isa = PBXGroup;
			children = (
				EBDCD6E52E03244200FD8049 /* GoodsViewModel.swift */,
			);
			path = ViewModel;
			sourceTree = "<group>";
		};
		EB2B00892E04403E00C0D2A9 /* DataSource */ = {
			isa = PBXGroup;
			children = (
				EBDCD6EC2E03292100FD8049 /* GoodeDataSource.swift */,
			);
			path = DataSource;
			sourceTree = "<group>";
		};
		EB2B008A2E04404900C0D2A9 /* Builder */ = {
			isa = PBXGroup;
			children = (
				EBDCD6F02E032F7600FD8049 /* GoodsScreenBuilder.swift */,
			);
			path = Builder;
			sourceTree = "<group>";
		};
		EB606BBD2E252A5B00F5188B /* FlowLayouts */ = {
			isa = PBXGroup;
			children = (
				EB606BBE2E252A6300F5188B /* PicturesViewLayout.swift */,
			);
			path = FlowLayouts;
			sourceTree = "<group>";
		};
		EB60B82E2E216CCE0072D596 /* Photos */ = {
			isa = PBXGroup;
			children = (
				EBD157252E263CF3005A359F /* PhotosInteractor.swift */,
				EBD156812E263030005A359F /* PhotosPresenter.swift */,
				EB60B82F2E216D0F0072D596 /* PhotosViewController.swift */,
			);
			path = Photos;
			sourceTree = "<group>";
		};
		EB60B8352E216DD10072D596 /* Photos */ = {
			isa = PBXGroup;
			children = (
				EB606BBB2E252A0A00F5188B /* PictureCollectionViewCell.swift */,
				EB60B8362E216DE60072D596 /* TagCollectionViewCell.swift */,
			);
			path = Photos;
			sourceTree = "<group>";
		};
		EBBEC06E2E054295005A6932 /* Services */ = {
			isa = PBXGroup;
			children = (
				EBBEC07B2E0544EE005A6932 /* Bundle */,
				EBBEC07A2E0544DC005A6932 /* Decoder */,
				EBBEC0782E054420005A6932 /* GoodsService.swift */,
			);
			path = Services;
			sourceTree = "<group>";
		};
		EBBEC0772E0543EC005A6932 /* Mappers */ = {
			isa = PBXGroup;
			children = (
				EBBEC0752E054380005A6932 /* GoodsMapper.swift */,
			);
			path = Mappers;
			sourceTree = "<group>";
		};
		EBBEC07A2E0544DC005A6932 /* Decoder */ = {
			isa = PBXGroup;
			children = (
				EBBEC0732E054330005A6932 /* JSONDecoderService.swift */,
			);
			path = Decoder;
			sourceTree = "<group>";
		};
		EBBEC07B2E0544EE005A6932 /* Bundle */ = {
			isa = PBXGroup;
			children = (
				EBBEC0712E0542C8005A6932 /* BundleFileProvider.swift */,
			);
			path = Bundle;
			sourceTree = "<group>";
		};
		EBD157272E263D32005A359F /* Photos */ = {
			isa = PBXGroup;
			children = (
				EBD1572E2E263DAC005A359F /* PhotosScreenModel.swift */,
				EBD1572C2E263D72005A359F /* TagModel.swift */,
				EBD1572A2E263D5F005A359F /* PictureModel.swift */,
				EBD157282E263D38005A359F /* FreeTrialModel.swift */,
			);
			path = Photos;
			sourceTree = "<group>";
		};
		EBDCD6E22E0323FD00FD8049 /* Goods */ = {
			isa = PBXGroup;
			children = (
				EB2B00842E043FF900C0D2A9 /* Model */,
				EB2B00872E04401F00C0D2A9 /* View */,
				EB2B00882E04402400C0D2A9 /* ViewModel */,
				EB2B00892E04403E00C0D2A9 /* DataSource */,
				EB2B008A2E04404900C0D2A9 /* Builder */,
			);
			path = Goods;
			sourceTree = "<group>";
		};
		EBDCD6E72E0324B300FD8049 /* Goods */ = {
			isa = PBXGroup;
			children = (
				EBDCD6E82E0324DD00FD8049 /* GoodsTableViewCell.swift */,
				EBDCD6EA2E0326E600FD8049 /* SortingGoodsTableViewCell.swift */,
			);
			path = Goods;
			sourceTree = "<group>";
		};
		EBDCD6F22E0331B800FD8049 /* Json */ = {
			isa = PBXGroup;
			children = (
				EBDCD6F32E0331C900FD8049 /* goods.json */,
			);
			path = Json;
			sourceTree = "<group>";
		};
/* End PBXGroup section */

/* Begin PBXNativeTarget section */
		E9325949280C058A00199960 /* UIKit-Helper */ = {
			isa = PBXNativeTarget;
			buildConfigurationList = E932595E280C058B00199960 /* Build configuration list for PBXNativeTarget "UIKit-Helper" */;
			buildPhases = (
				E9325946280C058A00199960 /* Sources */,
				E9325947280C058A00199960 /* Frameworks */,
				E9325948280C058A00199960 /* Resources */,
			);
			buildRules = (
			);
			dependencies = (
			);
			name = "UIKit-Helper";
			packageProductDependencies = (
				E932596C280C0DF300199960 /* Reusable */,
				E932596F280C0E5400199960 /* SnapKit */,
				E9F26CAF282016AA00A2DD79 /* Then */,
				E9B157522ADDC5D7005458D7 /* RxCocoa */,
				E9B157562ADDC5D7005458D7 /* RxRelay */,
				E9B1575A2ADDC5D7005458D7 /* RxSwift */,
				E9B157632ADDC61E005458D7 /* RxFlow */,
				E9B40E022AE2F6E100AC5FCB /* RxDataSources */,
			);
			productName = "UIKit-Helper";
			productReference = E932594A280C058A00199960 /* UIKit-Helper.app */;
			productType = "com.apple.product-type.application";
		};
/* End PBXNativeTarget section */

/* Begin PBXProject section */
		E9325942280C058A00199960 /* Project object */ = {
			isa = PBXProject;
			attributes = {
				BuildIndependentTargetsInParallel = 1;
				LastSwiftUpdateCheck = 1330;
				LastUpgradeCheck = 1330;
				TargetAttributes = {
					E9325949280C058A00199960 = {
						CreatedOnToolsVersion = 13.3;
					};
				};
			};
			buildConfigurationList = E9325945280C058A00199960 /* Build configuration list for PBXProject "UIKit-Helper" */;
			compatibilityVersion = "Xcode 13.0";
			developmentRegion = en;
			hasScannedForEncodings = 0;
			knownRegions = (
				en,
				Base,
			);
			mainGroup = E9325941280C058A00199960;
			packageReferences = (
				E932596B280C0DF300199960 /* XCRemoteSwiftPackageReference "Reusable" */,
				E932596E280C0E5400199960 /* XCRemoteSwiftPackageReference "SnapKit" */,
				E9F26CAE282016AA00A2DD79 /* XCRemoteSwiftPackageReference "Then" */,
				E9B1574D2ADDC5D7005458D7 /* XCRemoteSwiftPackageReference "RxSwift" */,
				E9B157622ADDC61E005458D7 /* XCRemoteSwiftPackageReference "RxFlow" */,
				E9B40E012AE2F6E100AC5FCB /* XCRemoteSwiftPackageReference "RxDataSources" */,
			);
			productRefGroup = E932594B280C058A00199960 /* Products */;
			projectDirPath = "";
			projectRoot = "";
			targets = (
				E9325949280C058A00199960 /* UIKit-Helper */,
			);
		};
/* End PBXProject section */

/* Begin PBXResourcesBuildPhase section */
		E9325948280C058A00199960 /* Resources */ = {
			isa = PBXResourcesBuildPhase;
			buildActionMask = 2147483647;
			files = (
				E932595A280C058B00199960 /* LaunchScreen.storyboard in Resources */,
				E9325957280C058B00199960 /* Assets.xcassets in Resources */,
				EBDCD6F42E0331D700FD8049 /* goods.json in Resources */,
				E9AAE8752AFE42A6004EB8A3 /* DinerInfoTableViewCell.xib in Resources */,
			);
			runOnlyForDeploymentPostprocessing = 0;
		};
/* End PBXResourcesBuildPhase section */

/* Begin PBXSourcesBuildPhase section */
		E9325946280C058A00199960 /* Sources */ = {
			isa = PBXSourcesBuildPhase;
			buildActionMask = 2147483647;
			files = (
				E9B1576D2ADDC7FA005458D7 /* AppStep.swift in Sources */,
				EB60B8302E216D0F0072D596 /* PhotosViewController.swift in Sources */,
				E96735422B87DC4C004409C5 /* ProductCellModel.swift in Sources */,
				E99DB8CD28BE425A00D323F5 /* PizzaFlowLayout.swift in Sources */,
				EB2B00832E043DD100C0D2A9 /* SortType.swift in Sources */,
				E9873F9228BCC79700F6525D /* MainTextField.swift in Sources */,
				E9653F5028BCDD130027497B /* MainTextView.swift in Sources */,
				EBD157262E263CF4005A359F /* PhotosInteractor.swift in Sources */,
				EBD156822E263033005A359F /* PhotosPresenter.swift in Sources */,
				E9F26CAB2820114500A2DD79 /* CompositionalLayoutViewController.swift in Sources */,
				EBD1572B2E263D60005A359F /* PictureModel.swift in Sources */,
				E914CA2F2ADA74F7000478DA /* Manager.swift in Sources */,
				EBDCD6ED2E03292700FD8049 /* GoodeDataSource.swift in Sources */,
				E9608BA22AEFE1DF00B28A43 /* OtherFlow.swift in Sources */,
				E9653F5228BCDE2A0027497B /* UIKitViewController.swift in Sources */,
				E92073972AE8200800AE151C /* BestGuideCollectionViewCell.swift in Sources */,
				E9DA731A2AEBA8DF005A8C24 /* StoreViewController.swift in Sources */,
				E96735442B87DC67004409C5 /* PhotoCollectionViewCellModel.swift in Sources */,
				E9325964280C0A9100199960 /* MainViewController.swift in Sources */,
				EB60B8392E2172F00072D596 /* TrialView.swift in Sources */,
				EBDCD6E62E03244800FD8049 /* GoodsViewModel.swift in Sources */,
				E9EC2FEA2B890EF900604F22 /* MembershipStatus.swift in Sources */,
				E9803A87280DD4EE0097C70E /* ContactTableViewCell.swift in Sources */,
				EB2B005B2E03FDDB00C0D2A9 /* GoodsPopupViewController.swift in Sources */,
				E932594E280C058A00199960 /* AppDelegate.swift in Sources */,
				EBD157292E263D39005A359F /* FreeTrialModel.swift in Sources */,
				EB2B005D2E03FE1600C0D2A9 /* UIScreen+Ext.swift in Sources */,
				EBBEC0742E054335005A6932 /* JSONDecoderService.swift in Sources */,
				E9582A9D2AF01EA00050E88F /* DinerViewController.swift in Sources */,
				E9B40E002AE2E42900AC5FCB /* PromoCityCollectionViewCell.swift in Sources */,
				E9B157702ADDCA8B005458D7 /* HomeFlow.swift in Sources */,
				EBBEC0762E054382005A6932 /* GoodsMapper.swift in Sources */,
				E9653F5528BCE7A90027497B /* AppSlider.swift in Sources */,
				EB2B00862E04400000C0D2A9 /* SortingGoodsCellModel.swift in Sources */,
				EBDCD6F12E032F7700FD8049 /* GoodsScreenBuilder.swift in Sources */,
				EBD1572D2E263D72005A359F /* TagModel.swift in Sources */,
				E9DA731E2AEBAA7F005A8C24 /* StoreFlow.swift in Sources */,
				E9247F1828108F17007212A9 /* ExampleDDSViewController.swift in Sources */,
				E9DA731C2AEBA8EC005A8C24 /* StoreViewModel.swift in Sources */,
				EBBEC0792E05442B005A6932 /* GoodsService.swift in Sources */,
				E9295DBF28204A74007A83F0 /* CaliforniaImage.swift in Sources */,
				E9B157722ADDCACB005458D7 /* HomeViewController.swift in Sources */,
				E9F26CAD282015CE00A2DD79 /* PhotoCollectionViewCell.swift in Sources */,
				EBDCD6EF2E032F3F00FD8049 /* Goods.swift in Sources */,
				E92073992AE8246E00AE151C /* BestGuideTableViewCell.swift in Sources */,
				E9CC600E2AE6FA4500EFDE03 /* DinerCollectionViewCell.swift in Sources */,
				E9B1576B2ADDC7E2005458D7 /* ActiveStepper.swift in Sources */,
				E94B25D128BE06A100BA530A /* Product.swift in Sources */,
				E9AAE8742AFE42A6004EB8A3 /* DinerInfoTableViewCell.swift in Sources */,
				E96735462B87DC90004409C5 /* ContactTableViewCellModel.swift in Sources */,
				E9CC60102AE7040900EFDE03 /* DinerTableViewCell.swift in Sources */,
				EB2B00612E04290D00C0D2A9 /* PriceView.swift in Sources */,
				E9B157672ADDC6B4005458D7 /* DashboardFlow.swift in Sources */,
				E962F57C2AFD440300B72A60 /* DinerDataSource.swift in Sources */,
				E9A95D492AFD20D2004B5C25 /* ImageTableViewCell.swift in Sources */,
				E94497132AF3C61D00D1D960 /* DinerViewModel.swift in Sources */,
				EB7EA5E82E22BBC30088684B /* TagsView.swift in Sources */,
				E9DA73212AEC27CA005A8C24 /* RatingView.swift in Sources */,
				EBD1572F2E263DAE005A359F /* PhotosScreenModel.swift in Sources */,
				EBCEDC102E23EC00004655C8 /* PicturesView.swift in Sources */,
				E9295DBD28204A4E007A83F0 /* Developer.swift in Sources */,
				EB606BBC2E252A0B00F5188B /* PictureCollectionViewCell.swift in Sources */,
				E9325950280C058A00199960 /* SceneDelegate.swift in Sources */,
				E967353B2B87D898004409C5 /* BestGuide.swift in Sources */,
				E94B25CD28BDF08A00BA530A /* CVFLViewController.swift in Sources */,
				EB2B00802E043C5900C0D2A9 /* GoodsJSON.swift in Sources */,
				E9247F1D28109DAA007212A9 /* CellBuilder.swift in Sources */,
				EB7EA5EA2E22CF7E0088684B /* Array+Ext.swift in Sources */,
				E9B157742ADDCAEF005458D7 /* HomeViewModel.swift in Sources */,
				EBDCD6EB2E0326E600FD8049 /* SortingGoodsTableViewCell.swift in Sources */,
				EBBEC0722E0542C9005A6932 /* BundleFileProvider.swift in Sources */,
				EBBEC06D2E05377F005A6932 /* GoodsTableViewCellModel.swift in Sources */,
				EB606BBF2E252A6300F5188B /* PicturesViewLayout.swift in Sources */,
				E967353E2B87D8F0004409C5 /* Diner.swift in Sources */,
				E9608BA52AEFF49800B28A43 /* DinersListViewController.swift in Sources */,
				E96735392B87D863004409C5 /* TitleButtonCellModel.swift in Sources */,
				E9B40E052AE2F71D00AC5FCB /* HomeDataSource.swift in Sources */,
				E9AF60E92AE9569700A8AAFA /* BestGuidesFlowLayout.swift in Sources */,
				E9B157692ADDC7BE005458D7 /* AppFlow.swift in Sources */,
				E94B25CF28BDF43000BA530A /* ProductCollectionViewCell.swift in Sources */,
				EB60B8372E216DE60072D596 /* TagCollectionViewCell.swift in Sources */,
				E94B25D328BE3CA100BA530A /* Consts.swift in Sources */,
				E9325973280C1B3800199960 /* BlueButton.swift in Sources */,
				E96735352B87CFAE004409C5 /* MembershipStatusTableViewCell.swift in Sources */,
				E97313C42AE3B91300156109 /* PromoCityTableViewCell.swift in Sources */,
				EBDCD6E42E03242C00FD8049 /* GoodsViewController.swift in Sources */,
				E928F84C2AE9873D00E44EE1 /* TitleButtonTableViewCell.swift in Sources */,
				EBDCD6E92E0324DD00FD8049 /* GoodsTableViewCell.swift in Sources */,
				E96735402B87D910004409C5 /* PromoTourModel.swift in Sources */,
			);
			runOnlyForDeploymentPostprocessing = 0;
		};
/* End PBXSourcesBuildPhase section */

/* Begin PBXVariantGroup section */
		E9325958280C058B00199960 /* LaunchScreen.storyboard */ = {
			isa = PBXVariantGroup;
			children = (
				E9325959280C058B00199960 /* Base */,
			);
			name = LaunchScreen.storyboard;
			sourceTree = "<group>";
		};
/* End PBXVariantGroup section */

/* Begin XCBuildConfiguration section */
		E932595C280C058B00199960 /* Debug */ = {
			isa = XCBuildConfiguration;
			buildSettings = {
				ALWAYS_SEARCH_USER_PATHS = NO;
				CLANG_ANALYZER_NONNULL = YES;
				CLANG_ANALYZER_NUMBER_OBJECT_CONVERSION = YES_AGGRESSIVE;
				CLANG_CXX_LANGUAGE_STANDARD = "gnu++17";
				CLANG_ENABLE_MODULES = YES;
				CLANG_ENABLE_OBJC_ARC = YES;
				CLANG_ENABLE_OBJC_WEAK = YES;
				CLANG_WARN_BLOCK_CAPTURE_AUTORELEASING = YES;
				CLANG_WARN_BOOL_CONVERSION = YES;
				CLANG_WARN_COMMA = YES;
				CLANG_WARN_CONSTANT_CONVERSION = YES;
				CLANG_WARN_DEPRECATED_OBJC_IMPLEMENTATIONS = YES;
				CLANG_WARN_DIRECT_OBJC_ISA_USAGE = YES_ERROR;
				CLANG_WARN_DOCUMENTATION_COMMENTS = YES;
				CLANG_WARN_EMPTY_BODY = YES;
				CLANG_WARN_ENUM_CONVERSION = YES;
				CLANG_WARN_INFINITE_RECURSION = YES;
				CLANG_WARN_INT_CONVERSION = YES;
				CLANG_WARN_NON_LITERAL_NULL_CONVERSION = YES;
				CLANG_WARN_OBJC_IMPLICIT_RETAIN_SELF = YES;
				CLANG_WARN_OBJC_LITERAL_CONVERSION = YES;
				CLANG_WARN_OBJC_ROOT_CLASS = YES_ERROR;
				CLANG_WARN_QUOTED_INCLUDE_IN_FRAMEWORK_HEADER = YES;
				CLANG_WARN_RANGE_LOOP_ANALYSIS = YES;
				CLANG_WARN_STRICT_PROTOTYPES = YES;
				CLANG_WARN_SUSPICIOUS_MOVE = YES;
				CLANG_WARN_UNGUARDED_AVAILABILITY = YES_AGGRESSIVE;
				CLANG_WARN_UNREACHABLE_CODE = YES;
				CLANG_WARN__DUPLICATE_METHOD_MATCH = YES;
				COPY_PHASE_STRIP = NO;
				DEBUG_INFORMATION_FORMAT = dwarf;
				ENABLE_STRICT_OBJC_MSGSEND = YES;
				ENABLE_TESTABILITY = YES;
				GCC_C_LANGUAGE_STANDARD = gnu11;
				GCC_DYNAMIC_NO_PIC = NO;
				GCC_NO_COMMON_BLOCKS = YES;
				GCC_OPTIMIZATION_LEVEL = 0;
				GCC_PREPROCESSOR_DEFINITIONS = (
					"DEBUG=1",
					"$(inherited)",
				);
				GCC_WARN_64_TO_32_BIT_CONVERSION = YES;
				GCC_WARN_ABOUT_RETURN_TYPE = YES_ERROR;
				GCC_WARN_UNDECLARED_SELECTOR = YES;
				GCC_WARN_UNINITIALIZED_AUTOS = YES_AGGRESSIVE;
				GCC_WARN_UNUSED_FUNCTION = YES;
				GCC_WARN_UNUSED_VARIABLE = YES;
				IPHONEOS_DEPLOYMENT_TARGET = 15.0;
				MTL_ENABLE_DEBUG_INFO = INCLUDE_SOURCE;
				MTL_FAST_MATH = YES;
				ONLY_ACTIVE_ARCH = YES;
				SDKROOT = iphoneos;
				SWIFT_ACTIVE_COMPILATION_CONDITIONS = DEBUG;
				SWIFT_OPTIMIZATION_LEVEL = "-Onone";
			};
			name = Debug;
		};
		E932595D280C058B00199960 /* Release */ = {
			isa = XCBuildConfiguration;
			buildSettings = {
				ALWAYS_SEARCH_USER_PATHS = NO;
				CLANG_ANALYZER_NONNULL = YES;
				CLANG_ANALYZER_NUMBER_OBJECT_CONVERSION = YES_AGGRESSIVE;
				CLANG_CXX_LANGUAGE_STANDARD = "gnu++17";
				CLANG_ENABLE_MODULES = YES;
				CLANG_ENABLE_OBJC_ARC = YES;
				CLANG_ENABLE_OBJC_WEAK = YES;
				CLANG_WARN_BLOCK_CAPTURE_AUTORELEASING = YES;
				CLANG_WARN_BOOL_CONVERSION = YES;
				CLANG_WARN_COMMA = YES;
				CLANG_WARN_CONSTANT_CONVERSION = YES;
				CLANG_WARN_DEPRECATED_OBJC_IMPLEMENTATIONS = YES;
				CLANG_WARN_DIRECT_OBJC_ISA_USAGE = YES_ERROR;
				CLANG_WARN_DOCUMENTATION_COMMENTS = YES;
				CLANG_WARN_EMPTY_BODY = YES;
				CLANG_WARN_ENUM_CONVERSION = YES;
				CLANG_WARN_INFINITE_RECURSION = YES;
				CLANG_WARN_INT_CONVERSION = YES;
				CLANG_WARN_NON_LITERAL_NULL_CONVERSION = YES;
				CLANG_WARN_OBJC_IMPLICIT_RETAIN_SELF = YES;
				CLANG_WARN_OBJC_LITERAL_CONVERSION = YES;
				CLANG_WARN_OBJC_ROOT_CLASS = YES_ERROR;
				CLANG_WARN_QUOTED_INCLUDE_IN_FRAMEWORK_HEADER = YES;
				CLANG_WARN_RANGE_LOOP_ANALYSIS = YES;
				CLANG_WARN_STRICT_PROTOTYPES = YES;
				CLANG_WARN_SUSPICIOUS_MOVE = YES;
				CLANG_WARN_UNGUARDED_AVAILABILITY = YES_AGGRESSIVE;
				CLANG_WARN_UNREACHABLE_CODE = YES;
				CLANG_WARN__DUPLICATE_METHOD_MATCH = YES;
				COPY_PHASE_STRIP = NO;
				DEBUG_INFORMATION_FORMAT = "dwarf-with-dsym";
				ENABLE_NS_ASSERTIONS = NO;
				ENABLE_STRICT_OBJC_MSGSEND = YES;
				GCC_C_LANGUAGE_STANDARD = gnu11;
				GCC_NO_COMMON_BLOCKS = YES;
				GCC_WARN_64_TO_32_BIT_CONVERSION = YES;
				GCC_WARN_ABOUT_RETURN_TYPE = YES_ERROR;
				GCC_WARN_UNDECLARED_SELECTOR = YES;
				GCC_WARN_UNINITIALIZED_AUTOS = YES_AGGRESSIVE;
				GCC_WARN_UNUSED_FUNCTION = YES;
				GCC_WARN_UNUSED_VARIABLE = YES;
				IPHONEOS_DEPLOYMENT_TARGET = 15.0;
				MTL_ENABLE_DEBUG_INFO = NO;
				MTL_FAST_MATH = YES;
				SDKROOT = iphoneos;
				SWIFT_COMPILATION_MODE = wholemodule;
				SWIFT_OPTIMIZATION_LEVEL = "-O";
				VALIDATE_PRODUCT = YES;
			};
			name = Release;
		};
		E932595F280C058B00199960 /* Debug */ = {
			isa = XCBuildConfiguration;
			buildSettings = {
				ASSETCATALOG_COMPILER_APPICON_NAME = AppIcon;
				ASSETCATALOG_COMPILER_GLOBAL_ACCENT_COLOR_NAME = AccentColor;
				CODE_SIGN_STYLE = Automatic;
				CURRENT_PROJECT_VERSION = 1;
				DEVELOPMENT_TEAM = 63455GEHLW;
				GCC_OPTIMIZATION_LEVEL = 2;
				GENERATE_INFOPLIST_FILE = YES;
				INFOPLIST_FILE = "UIKit-Helper/Info.plist";
				INFOPLIST_KEY_UIApplicationSupportsIndirectInputEvents = YES;
				INFOPLIST_KEY_UILaunchStoryboardName = LaunchScreen;
				INFOPLIST_KEY_UISupportedInterfaceOrientations = UIInterfaceOrientationPortrait;
				INFOPLIST_KEY_UISupportedInterfaceOrientations_iPad = "UIInterfaceOrientationLandscapeLeft UIInterfaceOrientationLandscapeRight UIInterfaceOrientationPortrait UIInterfaceOrientationPortraitUpsideDown";
				IPHONEOS_DEPLOYMENT_TARGET = 15.0;
				LD_RUNPATH_SEARCH_PATHS = (
					"$(inherited)",
					"@executable_path/Frameworks",
				);
				MARKETING_VERSION = 1.0;
				PRODUCT_BUNDLE_IDENTIFIER = "com.pkoyushev.UIKit-Helper";
				PRODUCT_NAME = "$(TARGET_NAME)";
				SWIFT_EMIT_LOC_STRINGS = YES;
				SWIFT_VERSION = 5.0;
				TARGETED_DEVICE_FAMILY = 1;
			};
			name = Debug;
		};
		E9325960280C058B00199960 /* Release */ = {
			isa = XCBuildConfiguration;
			buildSettings = {
				ASSETCATALOG_COMPILER_APPICON_NAME = AppIcon;
				ASSETCATALOG_COMPILER_GLOBAL_ACCENT_COLOR_NAME = AccentColor;
				CODE_SIGN_STYLE = Automatic;
				CURRENT_PROJECT_VERSION = 1;
				DEVELOPMENT_TEAM = 63455GEHLW;
				GENERATE_INFOPLIST_FILE = YES;
				INFOPLIST_FILE = "UIKit-Helper/Info.plist";
				INFOPLIST_KEY_UIApplicationSupportsIndirectInputEvents = YES;
				INFOPLIST_KEY_UILaunchStoryboardName = LaunchScreen;
				INFOPLIST_KEY_UISupportedInterfaceOrientations = UIInterfaceOrientationPortrait;
				INFOPLIST_KEY_UISupportedInterfaceOrientations_iPad = "UIInterfaceOrientationLandscapeLeft UIInterfaceOrientationLandscapeRight UIInterfaceOrientationPortrait UIInterfaceOrientationPortraitUpsideDown";
				IPHONEOS_DEPLOYMENT_TARGET = 15.0;
				LD_RUNPATH_SEARCH_PATHS = (
					"$(inherited)",
					"@executable_path/Frameworks",
				);
				MARKETING_VERSION = 1.0;
				PRODUCT_BUNDLE_IDENTIFIER = "com.pkoyushev.UIKit-Helper";
				PRODUCT_NAME = "$(TARGET_NAME)";
				SWIFT_EMIT_LOC_STRINGS = YES;
				SWIFT_VERSION = 5.0;
				TARGETED_DEVICE_FAMILY = 1;
			};
			name = Release;
		};
/* End XCBuildConfiguration section */

/* Begin XCConfigurationList section */
		E9325945280C058A00199960 /* Build configuration list for PBXProject "UIKit-Helper" */ = {
			isa = XCConfigurationList;
			buildConfigurations = (
				E932595C280C058B00199960 /* Debug */,
				E932595D280C058B00199960 /* Release */,
			);
			defaultConfigurationIsVisible = 0;
			defaultConfigurationName = Release;
		};
		E932595E280C058B00199960 /* Build configuration list for PBXNativeTarget "UIKit-Helper" */ = {
			isa = XCConfigurationList;
			buildConfigurations = (
				E932595F280C058B00199960 /* Debug */,
				E9325960280C058B00199960 /* Release */,
			);
			defaultConfigurationIsVisible = 0;
			defaultConfigurationName = Release;
		};
/* End XCConfigurationList section */

/* Begin XCRemoteSwiftPackageReference section */
		E932596B280C0DF300199960 /* XCRemoteSwiftPackageReference "Reusable" */ = {
			isa = XCRemoteSwiftPackageReference;
			repositoryURL = "https://github.com/AliSoftware/Reusable.git";
			requirement = {
				kind = upToNextMajorVersion;
				minimumVersion = 4.0.0;
			};
		};
		E932596E280C0E5400199960 /* XCRemoteSwiftPackageReference "SnapKit" */ = {
			isa = XCRemoteSwiftPackageReference;
			repositoryURL = "https://github.com/SnapKit/SnapKit.git";
			requirement = {
				kind = upToNextMajorVersion;
				minimumVersion = 5.0.0;
			};
		};
		E9B1574D2ADDC5D7005458D7 /* XCRemoteSwiftPackageReference "RxSwift" */ = {
			isa = XCRemoteSwiftPackageReference;
			repositoryURL = "https://github.com/ReactiveX/RxSwift";
			requirement = {
				kind = upToNextMajorVersion;
				minimumVersion = 6.6.0;
			};
		};
		E9B157622ADDC61E005458D7 /* XCRemoteSwiftPackageReference "RxFlow" */ = {
			isa = XCRemoteSwiftPackageReference;
			repositoryURL = "https://github.com/RxSwiftCommunity/RxFlow";
			requirement = {
				kind = upToNextMajorVersion;
				minimumVersion = 2.13.0;
			};
		};
		E9B40E012AE2F6E100AC5FCB /* XCRemoteSwiftPackageReference "RxDataSources" */ = {
			isa = XCRemoteSwiftPackageReference;
			repositoryURL = "https://github.com/RxSwiftCommunity/RxDataSources";
			requirement = {
				kind = upToNextMajorVersion;
				minimumVersion = 5.0.2;
			};
		};
		E9F26CAE282016AA00A2DD79 /* XCRemoteSwiftPackageReference "Then" */ = {
			isa = XCRemoteSwiftPackageReference;
			repositoryURL = "https://github.com/devxoul/Then";
			requirement = {
				kind = upToNextMajorVersion;
				minimumVersion = 3.0.0;
			};
		};
/* End XCRemoteSwiftPackageReference section */

/* Begin XCSwiftPackageProductDependency section */
		E932596C280C0DF300199960 /* Reusable */ = {
			isa = XCSwiftPackageProductDependency;
			package = E932596B280C0DF300199960 /* XCRemoteSwiftPackageReference "Reusable" */;
			productName = Reusable;
		};
		E932596F280C0E5400199960 /* SnapKit */ = {
			isa = XCSwiftPackageProductDependency;
			package = E932596E280C0E5400199960 /* XCRemoteSwiftPackageReference "SnapKit" */;
			productName = SnapKit;
		};
		E9B157522ADDC5D7005458D7 /* RxCocoa */ = {
			isa = XCSwiftPackageProductDependency;
			package = E9B1574D2ADDC5D7005458D7 /* XCRemoteSwiftPackageReference "RxSwift" */;
			productName = RxCocoa;
		};
		E9B157562ADDC5D7005458D7 /* RxRelay */ = {
			isa = XCSwiftPackageProductDependency;
			package = E9B1574D2ADDC5D7005458D7 /* XCRemoteSwiftPackageReference "RxSwift" */;
			productName = RxRelay;
		};
		E9B1575A2ADDC5D7005458D7 /* RxSwift */ = {
			isa = XCSwiftPackageProductDependency;
			package = E9B1574D2ADDC5D7005458D7 /* XCRemoteSwiftPackageReference "RxSwift" */;
			productName = RxSwift;
		};
		E9B157632ADDC61E005458D7 /* RxFlow */ = {
			isa = XCSwiftPackageProductDependency;
			package = E9B157622ADDC61E005458D7 /* XCRemoteSwiftPackageReference "RxFlow" */;
			productName = RxFlow;
		};
		E9B40E022AE2F6E100AC5FCB /* RxDataSources */ = {
			isa = XCSwiftPackageProductDependency;
			package = E9B40E012AE2F6E100AC5FCB /* XCRemoteSwiftPackageReference "RxDataSources" */;
			productName = RxDataSources;
		};
		E9F26CAF282016AA00A2DD79 /* Then */ = {
			isa = XCSwiftPackageProductDependency;
			package = E9F26CAE282016AA00A2DD79 /* XCRemoteSwiftPackageReference "Then" */;
			productName = Then;
		};
/* End XCSwiftPackageProductDependency section */
	};
	rootObject = E9325942280C058A00199960 /* Project object */;
}
